
Microsoft Visual Studio Solution File, Format Version 12.00
# Visual Studio Version 17
VisualStudioVersion = 17.0.31903.59
MinimumVisualStudioVersion = 10.0.40219.1
Project("{FAE04EC0-301F-11D3-BF4B-00C04F79EFBC}") = "TaskTracker.Domain", "src\TaskTracker.Domain\TaskTracker.Domain.csproj", "{D1C68E2F-65B6-4E87-A173-F4BE21226BB3}"
EndProject
Project("{FAE04EC0-301F-11D3-BF4B-00C04F79EFBC}") = "TaskTracker.Application", "src\TaskTracker.Application\TaskTracker.Application.csproj", "{F24B5C6C-9D7A-4B6A-B68C-D52A2D9D9994}"
EndProject
Project("{FAE04EC0-301F-11D3-BF4B-00C04F79EFBC}") = "TaskTracker.Infrastructure", "src\TaskTracker.Infrastructure\TaskTracker.Infrastructure.csproj", "{4E2F7F2D-6D25-45B0-9A21-7A3982C9EAE7}"
EndProject
Project("{FAE04EC0-301F-11D3-BF4B-00C04F79EFBC}") = "TaskTracker.Windows", "src\TaskTracker.Windows\TaskTracker.Windows.csproj", "{9AC2A2B2-9694-4F93-8751-24EE4F6B9B3C}"
EndProject
Project("{FAE04EC0-301F-11D3-BF4B-00C04F79EFBC}") = "TaskTracker.Presentation", "src\TaskTracker.Presentation\TaskTracker.Presentation.csproj", "{6F3829F6-7912-4A7D-B101-E31A507EB26D}"
EndProject
Project("{FAE04EC0-301F-11D3-BF4B-00C04F79EFBC}") = "TaskTracker.Domain.Tests", "tests\TaskTracker.Domain.Tests\TaskTracker.Domain.Tests.csproj", "{1D0C4A19-9C5F-4E38-B549-F6A7B2C5B3E1}"
EndProject
Project("{FAE04EC0-301F-11D3-BF4B-00C04F79EFBC}") = "TaskTracker.Application.Tests", "tests\TaskTracker.Application.Tests\TaskTracker.Application.Tests.csproj", "{8F6A3D1E-6C7A-4D9A-B561-D5A8C9B9C7F2}"
EndProject
Project("{FAE04EC0-301F-11D3-BF4B-00C04F79EFBC}") = "TaskTracker.Infrastructure.Tests", "tests\TaskTracker.Infrastructure.Tests\TaskTracker.Infrastructure.Tests.csproj", "{E8D7B5C3-7F1E-4E9A-B4C2-F5D4B6A2C1F0}"
EndProject
Project("{FAE04EC0-301F-11D3-BF4B-00C04F79EFBC}") = "TaskTracker.Windows.Tests", "tests\TaskTracker.Windows.Tests\TaskTracker.Windows.Tests.csproj", "{B742E2F9-73E8-4C69-9EB0-29771D2E6AB5}"
EndProject
Global
	GlobalSection(SolutionConfigurationPlatforms) = preSolution
		Debug|Any CPU = Debug|Any CPU
		Release|Any CPU = Release|Any CPU
	EndGlobalSection
	GlobalSection(ProjectConfigurationPlatforms) = postSolution
		{D1C68E2F-65B6-4E87-A173-F4BE21226BB3}.Debug|Any CPU.ActiveCfg = Debug|Any CPU
		{D1C68E2F-65B6-4E87-A173-F4BE21226BB3}.Debug|Any CPU.Build.0 = Debug|Any CPU
		{D1C68E2F-65B6-4E87-A173-F4BE21226BB3}.Release|Any CPU.ActiveCfg = Release|Any CPU
		{D1C68E2F-65B6-4E87-A173-F4BE21226BB3}.Release|Any CPU.Build.0 = Release|Any CPU
		{F24B5C6C-9D7A-4B6A-B68C-D52A2D9D9994}.Debug|Any CPU.ActiveCfg = Debug|Any CPU
		{F24B5C6C-9D7A-4B6A-B68C-D52A2D9D9994}.Debug|Any CPU.Build.0 = Debug|Any CPU
		{F24B5C6C-9D7A-4B6A-B68C-D52A2D9D9994}.Release|Any CPU.ActiveCfg = Release|Any CPU
		{F24B5C6C-9D7A-4B6A-B68C-D52A2D9D9994}.Release|Any CPU.Build.0 = Release|Any CPU
		{4E2F7F2D-6D25-45B0-9A21-7A3982C9EAE7}.Debug|Any CPU.ActiveCfg = Debug|Any CPU
		{4E2F7F2D-6D25-45B0-9A21-7A3982C9EAE7}.Debug|Any CPU.Build.0 = Debug|Any CPU
		{4E2F7F2D-6D25-45B0-9A21-7A3982C9EAE7}.Release|Any CPU.ActiveCfg = Release|Any CPU
		{4E2F7F2D-6D25-45B0-9A21-7A3982C9EAE7}.Release|Any CPU.Build.0 = Release|Any CPU
		{9AC2A2B2-9694-4F93-8751-24EE4F6B9B3C}.Debug|Any CPU.ActiveCfg = Debug|Any CPU
		{9AC2A2B2-9694-4F93-8751-24EE4F6B9B3C}.Debug|Any CPU.Build.0 = Debug|Any CPU
		{9AC2A2B2-9694-4F93-8751-24EE4F6B9B3C}.Release|Any CPU.ActiveCfg = Release|Any CPU
		{9AC2A2B2-9694-4F93-8751-24EE4F6B9B3C}.Release|Any CPU.Build.0 = Release|Any CPU
		{6F3829F6-7912-4A7D-B101-E31A507EB26D}.Debug|Any CPU.ActiveCfg = Debug|Any CPU
		{6F3829F6-7912-4A7D-B101-E31A507EB26D}.Debug|Any CPU.Build.0 = Debug|Any CPU
		{6F3829F6-7912-4A7D-B101-E31A507EB26D}.Release|Any CPU.ActiveCfg = Release|Any CPU
		{6F3829F6-7912-4A7D-B101-E31A507EB26D}.Release|Any CPU.Build.0 = Release|Any CPU
		{1D0C4A19-9C5F-4E38-B549-F6A7B2C5B3E1}.Debug|Any CPU.ActiveCfg = Debug|Any CPU
		{1D0C4A19-9C5F-4E38-B549-F6A7B2C5B3E1}.Debug|Any CPU.Build.0 = Debug|Any CPU
		{1D0C4A19-9C5F-4E38-B549-F6A7B2C5B3E1}.Release|Any CPU.ActiveCfg = Release|Any CPU
		{1D0C4A19-9C5F-4E38-B549-F6A7B2C5B3E1}.Release|Any CPU.Build.0 = Release|Any CPU
		{8F6A3D1E-6C7A-4D9A-B561-D5A8C9B9C7F2}.Debug|Any CPU.ActiveCfg = Debug|Any CPU
		{8F6A3D1E-6C7A-4D9A-B561-D5A8C9B9C7F2}.Debug|Any CPU.Build.0 = Debug|Any CPU
		{8F6A3D1E-6C7A-4D9A-B561-D5A8C9B9C7F2}.Release|Any CPU.ActiveCfg = Release|Any CPU
		{8F6A3D1E-6C7A-4D9A-B561-D5A8C9B9C7F2}.Release|Any CPU.Build.0 = Release|Any CPU
		{E8D7B5C3-7F1E-4E9A-B4C2-F5D4B6A2C1F0}.Debug|Any CPU.ActiveCfg = Debug|Any CPU
		{E8D7B5C3-7F1E-4E9A-B4C2-F5D4B6A2C1F0}.Debug|Any CPU.Build.0 = Debug|Any CPU
		{E8D7B5C3-7F1E-4E9A-B4C2-F5D4B6A2C1F0}.Release|Any CPU.ActiveCfg = Release|Any CPU
		{E8D7B5C3-7F1E-4E9A-B4C2-F5D4B6A2C1F0}.Release|Any CPU.Build.0 = Release|Any CPU
		{B742E2F9-73E8-4C69-9EB0-29771D2E6AB5}.Debug|Any CPU.ActiveCfg = Debug|Any CPU
		{B742E2F9-73E8-4C69-9EB0-29771D2E6AB5}.Debug|Any CPU.Build.0 = Debug|Any CPU
		{B742E2F9-73E8-4C69-9EB0-29771D2E6AB5}.Release|Any CPU.ActiveCfg = Release|Any CPU
		{B742E2F9-73E8-4C69-9EB0-29771D2E6AB5}.Release|Any CPU.Build.0 = Release|Any CPU
	EndGlobalSection
	GlobalSection(SolutionProperties) = preSolution
		HideSolutionNode = FALSE
	EndGlobalSection
EndGlobal
